
Microsoft Visual Studio Solution File, Format Version 12.00
# Visual Studio 15
VisualStudioVersion = 15.0.28307.757
MinimumVisualStudioVersion = 10.0.40219.1
Project("{8BC9CEB8-8B4A-11D0-8D11-00A0C91BC942}") = "test2", "test2\test2.vcxproj", "{C4EA8B87-5A63-43CC-B651-8CACC64157EA}"
EndProject
Global
	GlobalSection(SolutionConfigurationPlatforms) = preSolution
		Debug|x64 = Debug|x64
		Debug|x86 = Debug|x86
		Release|x64 = Release|x64
		Release|x86 = Release|x86
	EndGlobalSection
	GlobalSection(ProjectConfigurationPlatforms) = postSolution
		{C4EA8B87-5A63-43CC-B651-8CACC64157EA}.Debug|x64.ActiveCfg = Debug|x64
		{C4EA8B87-5A63-43CC-B651-8CACC64157EA}.Debug|x64.Build.0 = Debug|x64
		{C4EA8B87-5A63-43CC-B651-8CACC64157EA}.Debug|x86.ActiveCfg = Debug|Win32
		{C4EA8B87-5A63-43CC-B651-8CACC64157EA}.Debug|x86.Build.0 = Debug|Win32
		{C4EA8B87-5A63-43CC-B651-8CACC64157EA}.Release|x64.ActiveCfg = Release|x64
		{C4EA8B87-5A63-43CC-B651-8CACC64157EA}.Release|x64.Build.0 = Release|x64
		{C4EA8B87-5A63-43CC-B651-8CACC64157EA}.Release|x86.ActiveCfg = Release|Win32
		{C4EA8B87-5A63-43CC-B651-8CACC64157EA}.Release|x86.Build.0 = Release|Win32
	EndGlobalSection
	GlobalSection(SolutionProperties) = preSolution
		HideSolutionNode = FALSE
	EndGlobalSection
	GlobalSection(ExtensibilityGlobals) = postSolution
		SolutionGuid = {3E6783C5-3CE1-4D8F-AE9D-FD9DBB6D2787}
	EndGlobalSection
EndGlobal
